
Microsoft Visual Studio Solution File, Format Version 12.00
# Visual Studio Version 17
VisualStudioVersion = 17.3.32929.385
MinimumVisualStudioVersion = 10.0.40219.1
Project("{FAE04EC0-301F-11D3-BF4B-00C04F79EFBC}") = "ImplementsFFMPEG", "ImplementsFFMPEG.csproj", "{0CA8B857-F78A-45A8-8046-3A8C1A0C756B}"
EndProject
Global
	GlobalSection(SolutionConfigurationPlatforms) = preSolution
		Debug|Any CPU = Debug|Any CPU
		Release|Any CPU = Release|Any CPU
	EndGlobalSection
	GlobalSection(ProjectConfigurationPlatforms) = postSolution
		{0CA8B857-F78A-45A8-8046-3A8C1A0C756B}.Debug|Any CPU.ActiveCfg = Debug|Any CPU
		{0CA8B857-F78A-45A8-8046-3A8C1A0C756B}.Debug|Any CPU.Build.0 = Debug|Any CPU
		{0CA8B857-F78A-45A8-8046-3A8C1A0C756B}.Release|Any CPU.ActiveCfg = Release|Any CPU
		{0CA8B857-F78A-45A8-8046-3A8C1A0C756B}.Release|Any CPU.Build.0 = Release|Any CPU
	EndGlobalSection
	GlobalSection(SolutionProperties) = preSolution
		HideSolutionNode = FALSE
	EndGlobalSection
	GlobalSection(ExtensibilityGlobals) = postSolution
		SolutionGuid = {89C65C21-5FF3-4AFD-8E5B-5A761989BA27}
	EndGlobalSection
EndGlobal
