
Microsoft Visual Studio Solution File, Format Version 12.00
# Visual Studio Version 17
VisualStudioVersion = 17.3.32929.385
MinimumVisualStudioVersion = 10.0.40219.1
Project("{FAE04EC0-301F-11D3-BF4B-00C04F79EFBC}") = "FFmpeg App", "FFmpeg App.csproj", "{BDB5EC01-33CE-466E-9AFE-14E71E9063AF}"
EndProject
Global
	GlobalSection(SolutionConfigurationPlatforms) = preSolution
		Debug|Any CPU = Debug|Any CPU
		Release|Any CPU = Release|Any CPU
	EndGlobalSection
	GlobalSection(ProjectConfigurationPlatforms) = postSolution
		{BDB5EC01-33CE-466E-9AFE-14E71E9063AF}.Debug|Any CPU.ActiveCfg = Debug|Any CPU
		{BDB5EC01-33CE-466E-9AFE-14E71E9063AF}.Debug|Any CPU.Build.0 = Debug|Any CPU
		{BDB5EC01-33CE-466E-9AFE-14E71E9063AF}.Release|Any CPU.ActiveCfg = Release|Any CPU
		{BDB5EC01-33CE-466E-9AFE-14E71E9063AF}.Release|Any CPU.Build.0 = Release|Any CPU
	EndGlobalSection
	GlobalSection(SolutionProperties) = preSolution
		HideSolutionNode = FALSE
	EndGlobalSection
	GlobalSection(ExtensibilityGlobals) = postSolution
		SolutionGuid = {BF3DBE49-DDB8-4F93-8BB2-BC93149A38E5}
	EndGlobalSection
EndGlobal
