
Microsoft Visual Studio Solution File, Format Version 12.00
# Visual Studio Version 17
VisualStudioVersion = 17.3.32929.385
MinimumVisualStudioVersion = 10.0.40219.1
Project("{FAE04EC0-301F-11D3-BF4B-00C04F79EFBC}") = "TransformVideo", "TransformVideo.csproj", "{6DC3EDE1-8FBF-4CF3-AAAB-C493022AB4FE}"
EndProject
Global
	GlobalSection(SolutionConfigurationPlatforms) = preSolution
		Debug|Any CPU = Debug|Any CPU
		Debug|x64 = Debug|x64
		Release|Any CPU = Release|Any CPU
		Release|x64 = Release|x64
	EndGlobalSection
	GlobalSection(ProjectConfigurationPlatforms) = postSolution
		{6DC3EDE1-8FBF-4CF3-AAAB-C493022AB4FE}.Debug|Any CPU.ActiveCfg = Debug|Any CPU
		{6DC3EDE1-8FBF-4CF3-AAAB-C493022AB4FE}.Debug|Any CPU.Build.0 = Debug|Any CPU
		{6DC3EDE1-8FBF-4CF3-AAAB-C493022AB4FE}.Debug|x64.ActiveCfg = Debug|x64
		{6DC3EDE1-8FBF-4CF3-AAAB-C493022AB4FE}.Debug|x64.Build.0 = Debug|x64
		{6DC3EDE1-8FBF-4CF3-AAAB-C493022AB4FE}.Release|Any CPU.ActiveCfg = Release|Any CPU
		{6DC3EDE1-8FBF-4CF3-AAAB-C493022AB4FE}.Release|Any CPU.Build.0 = Release|Any CPU
		{6DC3EDE1-8FBF-4CF3-AAAB-C493022AB4FE}.Release|x64.ActiveCfg = Release|x64
		{6DC3EDE1-8FBF-4CF3-AAAB-C493022AB4FE}.Release|x64.Build.0 = Release|x64
	EndGlobalSection
	GlobalSection(SolutionProperties) = preSolution
		HideSolutionNode = FALSE
	EndGlobalSection
	GlobalSection(ExtensibilityGlobals) = postSolution
		SolutionGuid = {D4C7B869-F6E1-4E52-86CF-07ABE6B5A2FD}
	EndGlobalSection
EndGlobal
